
Microsoft Visual Studio Solution File, Format Version 12.00
# Visual Studio Version 17
VisualStudioVersion = 17.10.35013.160
MinimumVisualStudioVersion = 10.0.40219.1
Project("{9A19103F-16F7-4668-BE54-9A1E7A4F7556}") = "Ucenje.cs", "Ucenje.cs\Ucenje.cs.csproj", "{7A6ED435-4576-4C86-849D-0D779B246AE8}"
EndProject
Project("{9A19103F-16F7-4668-BE54-9A1E7A4F7556}") = "WebAPI", "WebAPI\WebAPI.csproj", "{6351D14E-98BD-4F87-BEB5-E719B6CFFDFF}"
EndProject
Project("{FAE04EC0-301F-11D3-BF4B-00C04F79EFBC}") = "EdunovAPP", "EdunovAPP\EdunovAPP.csproj", "{91A6CCCC-9DAC-4FF8-81EB-5D5A06C4319B}"
EndProject
Global
	GlobalSection(SolutionConfigurationPlatforms) = preSolution
		Debug|Any CPU = Debug|Any CPU
		Release|Any CPU = Release|Any CPU
	EndGlobalSection
	GlobalSection(ProjectConfigurationPlatforms) = postSolution
		{7A6ED435-4576-4C86-849D-0D779B246AE8}.Debug|Any CPU.ActiveCfg = Debug|Any CPU
		{7A6ED435-4576-4C86-849D-0D779B246AE8}.Debug|Any CPU.Build.0 = Debug|Any CPU
		{7A6ED435-4576-4C86-849D-0D779B246AE8}.Release|Any CPU.ActiveCfg = Release|Any CPU
		{7A6ED435-4576-4C86-849D-0D779B246AE8}.Release|Any CPU.Build.0 = Release|Any CPU
		{6351D14E-98BD-4F87-BEB5-E719B6CFFDFF}.Debug|Any CPU.ActiveCfg = Debug|Any CPU
		{6351D14E-98BD-4F87-BEB5-E719B6CFFDFF}.Debug|Any CPU.Build.0 = Debug|Any CPU
		{6351D14E-98BD-4F87-BEB5-E719B6CFFDFF}.Release|Any CPU.ActiveCfg = Release|Any CPU
		{6351D14E-98BD-4F87-BEB5-E719B6CFFDFF}.Release|Any CPU.Build.0 = Release|Any CPU
		{91A6CCCC-9DAC-4FF8-81EB-5D5A06C4319B}.Debug|Any CPU.ActiveCfg = Debug|Any CPU
		{91A6CCCC-9DAC-4FF8-81EB-5D5A06C4319B}.Debug|Any CPU.Build.0 = Debug|Any CPU
		{91A6CCCC-9DAC-4FF8-81EB-5D5A06C4319B}.Release|Any CPU.ActiveCfg = Release|Any CPU
		{91A6CCCC-9DAC-4FF8-81EB-5D5A06C4319B}.Release|Any CPU.Build.0 = Release|Any CPU
	EndGlobalSection
	GlobalSection(SolutionProperties) = preSolution
		HideSolutionNode = FALSE
	EndGlobalSection
	GlobalSection(ExtensibilityGlobals) = postSolution
		SolutionGuid = {CDD1E446-07BB-4CA4-BCC2-4A176A250172}
	EndGlobalSection
EndGlobal
